{"is_source_file": false, "format": "", "description": "", "external_files": [], "external_methods": [], "published": [], "classes": [], "methods": [], "calls": [], "search-terms": [], "state": 2, "file_id": 23, "knowledge_revision": 47, "git_revision": "127b8332fc97f47716c70e63ed93ef3135d6b455", "hash": "e9b4c3b42cef0193b7fddb548d37e652", "format-version": 4, "code-base-name": "default", "filename": "task_tracker_frontend_workspace/task_tracker_frontend/post_process_status.lock", "revision_history": [{"47": "127b8332fc97f47716c70e63ed93ef3135d6b455"}]}